
Microsoft Visual Studio Solution File, Format Version 12.00
# Visual Studio 15
VisualStudioVersion = 15.0.27130.2020
MinimumVisualStudioVersion = 10.0.40219.1
Project("{9A19103F-16F7-4668-BE54-9A1E7A4F7556}") = "Web", "src\Web\Web.csproj", "{B27DD2E5-C587-444A-A535-CA8AC3605AE2}"
EndProject
Project("{2150E333-8FDC-42A3-9474-1A3956D46DE8}") = "Microservices", "Microservices", "{92641CE6-1981-4B33-B778-7A23A4E68FCA}"
EndProject
Project("{2150E333-8FDC-42A3-9474-1A3956D46DE8}") = "src", "src", "{BD6146CB-DDB4-42C1-934A-102E5D5DC104}"
EndProject
Project("{2150E333-8FDC-42A3-9474-1A3956D46DE8}") = "tests", "tests", "{BD7B76F7-EA95-46E5-A360-B420329B3CCB}"
EndProject
Project("{2150E333-8FDC-42A3-9474-1A3956D46DE8}") = "Tools", "Tools", "{261F76A5-DF6B-4B25-9A88-8BDA0D797C34}"
EndProject
Project("{9A19103F-16F7-4668-BE54-9A1E7A4F7556}") = "DockerHubChecker", "src\DockerHubChecker\DockerHubChecker.csproj", "{E2D0FEB8-70BF-409B-85C5-4A58420F7A19}"
EndProject
Project("{9A19103F-16F7-4668-BE54-9A1E7A4F7556}") = "KubernetesClient", "src\k8sApi\KubernetesClient.csproj", "{BA08576C-3F8F-44E8-B335-C71CD353D211}"
EndProject
Project("{2150E333-8FDC-42A3-9474-1A3956D46DE8}") = "Infrastructure", "Infrastructure", "{3819EDB3-A78B-4284-ADBD-CBD6D81BF878}"
EndProject
Project("{FAE04EC0-301F-11D3-BF4B-00C04F79EFBC}") = "CustomLogs", "src\CustomLogs\CustomLogs.csproj", "{A4191E1E-7647-40AD-94CA-3C8537D6AB98}"
EndProject
Project("{FAE04EC0-301F-11D3-BF4B-00C04F79EFBC}") = "CustomMetrics", "src\CustomMetrics\CustomMetrics.csproj", "{084B8995-DBE4-4891-9946-28C48F915648}"
EndProject
Project("{FAE04EC0-301F-11D3-BF4B-00C04F79EFBC}") = "Shared", "src\Shared\Shared.csproj", "{7DC29265-B820-42B8-887C-3F9306345867}"
EndProject
Global
	GlobalSection(SolutionConfigurationPlatforms) = preSolution
		Debug|Any CPU = Debug|Any CPU
		Release|Any CPU = Release|Any CPU
	EndGlobalSection
	GlobalSection(ProjectConfigurationPlatforms) = postSolution
		{B27DD2E5-C587-444A-A535-CA8AC3605AE2}.Debug|Any CPU.ActiveCfg = Debug|Any CPU
		{B27DD2E5-C587-444A-A535-CA8AC3605AE2}.Debug|Any CPU.Build.0 = Debug|Any CPU
		{B27DD2E5-C587-444A-A535-CA8AC3605AE2}.Release|Any CPU.ActiveCfg = Release|Any CPU
		{B27DD2E5-C587-444A-A535-CA8AC3605AE2}.Release|Any CPU.Build.0 = Release|Any CPU
		{E2D0FEB8-70BF-409B-85C5-4A58420F7A19}.Debug|Any CPU.ActiveCfg = Debug|Any CPU
		{E2D0FEB8-70BF-409B-85C5-4A58420F7A19}.Debug|Any CPU.Build.0 = Debug|Any CPU
		{E2D0FEB8-70BF-409B-85C5-4A58420F7A19}.Release|Any CPU.ActiveCfg = Release|Any CPU
		{E2D0FEB8-70BF-409B-85C5-4A58420F7A19}.Release|Any CPU.Build.0 = Release|Any CPU
		{BA08576C-3F8F-44E8-B335-C71CD353D211}.Debug|Any CPU.ActiveCfg = Debug|Any CPU
		{BA08576C-3F8F-44E8-B335-C71CD353D211}.Debug|Any CPU.Build.0 = Debug|Any CPU
		{BA08576C-3F8F-44E8-B335-C71CD353D211}.Release|Any CPU.ActiveCfg = Release|Any CPU
		{BA08576C-3F8F-44E8-B335-C71CD353D211}.Release|Any CPU.Build.0 = Release|Any CPU
		{A4191E1E-7647-40AD-94CA-3C8537D6AB98}.Debug|Any CPU.ActiveCfg = Debug|Any CPU
		{A4191E1E-7647-40AD-94CA-3C8537D6AB98}.Debug|Any CPU.Build.0 = Debug|Any CPU
		{A4191E1E-7647-40AD-94CA-3C8537D6AB98}.Release|Any CPU.ActiveCfg = Release|Any CPU
		{A4191E1E-7647-40AD-94CA-3C8537D6AB98}.Release|Any CPU.Build.0 = Release|Any CPU
		{084B8995-DBE4-4891-9946-28C48F915648}.Debug|Any CPU.ActiveCfg = Debug|Any CPU
		{084B8995-DBE4-4891-9946-28C48F915648}.Debug|Any CPU.Build.0 = Debug|Any CPU
		{084B8995-DBE4-4891-9946-28C48F915648}.Release|Any CPU.ActiveCfg = Release|Any CPU
		{084B8995-DBE4-4891-9946-28C48F915648}.Release|Any CPU.Build.0 = Release|Any CPU
		{7DC29265-B820-42B8-887C-3F9306345867}.Debug|Any CPU.ActiveCfg = Debug|Any CPU
		{7DC29265-B820-42B8-887C-3F9306345867}.Debug|Any CPU.Build.0 = Debug|Any CPU
		{7DC29265-B820-42B8-887C-3F9306345867}.Release|Any CPU.ActiveCfg = Release|Any CPU
		{7DC29265-B820-42B8-887C-3F9306345867}.Release|Any CPU.Build.0 = Release|Any CPU
	EndGlobalSection
	GlobalSection(SolutionProperties) = preSolution
		HideSolutionNode = FALSE
	EndGlobalSection
	GlobalSection(NestedProjects) = preSolution
		{B27DD2E5-C587-444A-A535-CA8AC3605AE2} = {92641CE6-1981-4B33-B778-7A23A4E68FCA}
		{92641CE6-1981-4B33-B778-7A23A4E68FCA} = {BD6146CB-DDB4-42C1-934A-102E5D5DC104}
		{261F76A5-DF6B-4B25-9A88-8BDA0D797C34} = {BD6146CB-DDB4-42C1-934A-102E5D5DC104}
		{E2D0FEB8-70BF-409B-85C5-4A58420F7A19} = {261F76A5-DF6B-4B25-9A88-8BDA0D797C34}
		{BA08576C-3F8F-44E8-B335-C71CD353D211} = {261F76A5-DF6B-4B25-9A88-8BDA0D797C34}
		{3819EDB3-A78B-4284-ADBD-CBD6D81BF878} = {BD6146CB-DDB4-42C1-934A-102E5D5DC104}
		{A4191E1E-7647-40AD-94CA-3C8537D6AB98} = {3819EDB3-A78B-4284-ADBD-CBD6D81BF878}
		{084B8995-DBE4-4891-9946-28C48F915648} = {3819EDB3-A78B-4284-ADBD-CBD6D81BF878}
		{7DC29265-B820-42B8-887C-3F9306345867} = {BD6146CB-DDB4-42C1-934A-102E5D5DC104}
	EndGlobalSection
	GlobalSection(ExtensibilityGlobals) = postSolution
		SolutionGuid = {60475545-BB2D-4640-BE30-0A4289C1C368}
	EndGlobalSection
EndGlobal
